// !$*UTF8*$!
{
	archiveVersion = 1;
	classes = {
	};
	objectVersion = 50;
	objects = {

/* Begin PBXBuildFile section */
		B49965D526E20CEF00808EC0 /* AppDelegate.swift in Sources */ = {isa = PBXBuildFile; fileRef = B49965D426E20CEF00808EC0 /* AppDelegate.swift */; };
		B49965D726E20CEF00808EC0 /* SceneDelegate.swift in Sources */ = {isa = PBXBuildFile; fileRef = B49965D626E20CEF00808EC0 /* SceneDelegate.swift */; };
		B49965D926E20CEF00808EC0 /* ViewController.swift in Sources */ = {isa = PBXBuildFile; fileRef = B49965D826E20CEF00808EC0 /* ViewController.swift */; };
		B49965DC26E20CEF00808EC0 /* Main.storyboard in Resources */ = {isa = PBXBuildFile; fileRef = B49965DA26E20CEF00808EC0 /* Main.storyboard */; };
		B49965DE26E20CF200808EC0 /* Assets.xcassets in Resources */ = {isa = PBXBuildFile; fileRef = B49965DD26E20CF200808EC0 /* Assets.xcassets */; };
		B49965E126E20CF200808EC0 /* LaunchScreen.storyboard in Resources */ = {isa = PBXBuildFile; fileRef = B49965DF26E20CF200808EC0 /* LaunchScreen.storyboard */; };
		B49965EA26E210E400808EC0 /* NetworkManager.swift in Sources */ = {isa = PBXBuildFile; fileRef = B49965E926E210E400808EC0 /* NetworkManager.swift */; };
		B49965ED26E216CA00808EC0 /* Model.swift in Sources */ = {isa = PBXBuildFile; fileRef = B49965EC26E216CA00808EC0 /* Model.swift */; };
		B49965F126E4D2E100808EC0 /* ResultsViewController.swift in Sources */ = {isa = PBXBuildFile; fileRef = B49965F026E4D2E100808EC0 /* ResultsViewController.swift */; };
/* End PBXBuildFile section */

/* Begin PBXFileReference section */
		B49965D126E20CEF00808EC0 /* LoveCalculator.app */ = {isa = PBXFileReference; explicitFileType = wrapper.application; includeInIndex = 0; path = LoveCalculator.app; sourceTree = BUILT_PRODUCTS_DIR; };
		B49965D426E20CEF00808EC0 /* AppDelegate.swift */ = {isa = PBXFileReference; lastKnownFileType = sourcecode.swift; path = AppDelegate.swift; sourceTree = "<group>"; };
		B49965D626E20CEF00808EC0 /* SceneDelegate.swift */ = {isa = PBXFileReference; lastKnownFileType = sourcecode.swift; path = SceneDelegate.swift; sourceTree = "<group>"; };
		B49965D826E20CEF00808EC0 /* ViewController.swift */ = {isa = PBXFileReference; lastKnownFileType = sourcecode.swift; path = ViewController.swift; sourceTree = "<group>"; };
		B49965DB26E20CEF00808EC0 /* Base */ = {isa = PBXFileReference; lastKnownFileType = file.storyboard; name = Base; path = Base.lproj/Main.storyboard; sourceTree = "<group>"; };
		B49965DD26E20CF200808EC0 /* Assets.xcassets */ = {isa = PBXFileReference; lastKnownFileType = folder.assetcatalog; path = Assets.xcassets; sourceTree = "<group>"; };
		B49965E026E20CF200808EC0 /* Base */ = {isa = PBXFileReference; lastKnownFileType = file.storyboard; name = Base; path = Base.lproj/LaunchScreen.storyboard; sourceTree = "<group>"; };
		B49965E226E20CF200808EC0 /* Info.plist */ = {isa = PBXFileReference; lastKnownFileType = text.plist.xml; path = Info.plist; sourceTree = "<group>"; };
		B49965E926E210E400808EC0 /* NetworkManager.swift */ = {isa = PBXFileReference; lastKnownFileType = sourcecode.swift; path = NetworkManager.swift; sourceTree = "<group>"; };
		B49965EC26E216CA00808EC0 /* Model.swift */ = {isa = PBXFileReference; lastKnownFileType = sourcecode.swift; path = Model.swift; sourceTree = "<group>"; };
		B49965F026E4D2E100808EC0 /* ResultsViewController.swift */ = {isa = PBXFileReference; lastKnownFileType = sourcecode.swift; path = ResultsViewController.swift; sourceTree = "<group>"; };
/* End PBXFileReference section */

/* Begin PBXFrameworksBuildPhase section */
		B49965CE26E20CEF00808EC0 /* Frameworks */ = {
			isa = PBXFrameworksBuildPhase;
			buildActionMask = 2147483647;
			files = (
			);
			runOnlyForDeploymentPostprocessing = 0;
		};
/* End PBXFrameworksBuildPhase section */

/* Begin PBXGroup section */
		B49965C826E20CEF00808EC0 = {
			isa = PBXGroup;
			children = (
				B49965D326E20CEF00808EC0 /* LoveCalculator */,
				B49965D226E20CEF00808EC0 /* Products */,
			);
			sourceTree = "<group>";
		};
		B49965D226E20CEF00808EC0 /* Products */ = {
			isa = PBXGroup;
			children = (
				B49965D126E20CEF00808EC0 /* LoveCalculator.app */,
			);
			name = Products;
			sourceTree = "<group>";
		};
		B49965D326E20CEF00808EC0 /* LoveCalculator */ = {
			isa = PBXGroup;
			children = (
				B49965D426E20CEF00808EC0 /* AppDelegate.swift */,
				B49965D626E20CEF00808EC0 /* SceneDelegate.swift */,
				B49965D826E20CEF00808EC0 /* ViewController.swift */,
				B49965F026E4D2E100808EC0 /* ResultsViewController.swift */,
				B49965EC26E216CA00808EC0 /* Model.swift */,
				B49965E926E210E400808EC0 /* NetworkManager.swift */,
				B49965DA26E20CEF00808EC0 /* Main.storyboard */,
				B49965DD26E20CF200808EC0 /* Assets.xcassets */,
				B49965DF26E20CF200808EC0 /* LaunchScreen.storyboard */,
				B49965E226E20CF200808EC0 /* Info.plist */,
			);
			path = LoveCalculator;
			sourceTree = "<group>";
		};
/* End PBXGroup section */

/* Begin PBXNativeTarget section */
		B49965D026E20CEF00808EC0 /* LoveCalculator */ = {
			isa = PBXNativeTarget;
			buildConfigurationList = B49965E526E20CF200808EC0 /* Build configuration list for PBXNativeTarget "LoveCalculator" */;
			buildPhases = (
				B49965CD26E20CEF00808EC0 /* Sources */,
				B49965CE26E20CEF00808EC0 /* Frameworks */,
				B49965CF26E20CEF00808EC0 /* Resources */,
			);
			buildRules = (
			);
			dependencies = (
			);
			name = LoveCalculator;
			productName = LoveCalculator;
			productReference = B49965D126E20CEF00808EC0 /* LoveCalculator.app */;
			productType = "com.apple.product-type.application";
		};
/* End PBXNativeTarget section */

/* Begin PBXProject section */
		B49965C926E20CEF00808EC0 /* Project object */ = {
			isa = PBXProject;
			attributes = {
				LastSwiftUpdateCheck = 1200;
				LastUpgradeCheck = 1200;
				TargetAttributes = {
					B49965D026E20CEF00808EC0 = {
						CreatedOnToolsVersion = 12.0.1;
					};
				};
			};
			buildConfigurationList = B49965CC26E20CEF00808EC0 /* Build configuration list for PBXProject "LoveCalculator" */;
			compatibilityVersion = "Xcode 9.3";
			developmentRegion = en;
			hasScannedForEncodings = 0;
			knownRegions = (
				en,
				Base,
			);
			mainGroup = B49965C826E20CEF00808EC0;
			productRefGroup = B49965D226E20CEF00808EC0 /* Products */;
			projectDirPath = "";
			projectRoot = "";
			targets = (
				B49965D026E20CEF00808EC0 /* LoveCalculator */,
			);
		};
/* End PBXProject section */

/* Begin PBXResourcesBuildPhase section */
		B49965CF26E20CEF00808EC0 /* Resources */ = {
			isa = PBXResourcesBuildPhase;
			buildActionMask = 2147483647;
			files = (
				B49965E126E20CF200808EC0 /* LaunchScreen.storyboard in Resources */,
				B49965DE26E20CF200808EC0 /* Assets.xcassets in Resources */,
				B49965DC26E20CEF00808EC0 /* Main.storyboard in Resources */,
			);
			runOnlyForDeploymentPostprocessing = 0;
		};
/* End PBXResourcesBuildPhase section */

/* Begin PBXSourcesBuildPhase section */
		B49965CD26E20CEF00808EC0 /* Sources */ = {
			isa = PBXSourcesBuildPhase;
			buildActionMask = 2147483647;
			files = (
				B49965ED26E216CA00808EC0 /* Model.swift in Sources */,
				B49965EA26E210E400808EC0 /* NetworkManager.swift in Sources */,
				B49965D926E20CEF00808EC0 /* ViewController.swift in Sources */,
				B49965D526E20CEF00808EC0 /* AppDelegate.swift in Sources */,
				B49965D726E20CEF00808EC0 /* SceneDelegate.swift in Sources */,
				B49965F126E4D2E100808EC0 /* ResultsViewController.swift in Sources */,
			);
			runOnlyForDeploymentPostprocessing = 0;
		};
/* End PBXSourcesBuildPhase section */

/* Begin PBXVariantGroup section */
		B49965DA26E20CEF00808EC0 /* Main.storyboard */ = {
			isa = PBXVariantGroup;
			children = (
				B49965DB26E20CEF00808EC0 /* Base */,
			);
			name = Main.storyboard;
			sourceTree = "<group>";
		};
		B49965DF26E20CF200808EC0 /* LaunchScreen.storyboard */ = {
			isa = PBXVariantGroup;
			children = (
				B49965E026E20CF200808EC0 /* Base */,
			);
			name = LaunchScreen.storyboard;
			sourceTree = "<group>";
		};
/* End PBXVariantGroup section */

/* Begin XCBuildConfiguration section */
		B49965E326E20CF200808EC0 /* Debug */ = {
			isa = XCBuildConfiguration;
			buildSettings = {
				ALWAYS_SEARCH_USER_PATHS = NO;
				CLANG_ANALYZER_NONNULL = YES;
				CLANG_ANALYZER_NUMBER_OBJECT_CONVERSION = YES_AGGRESSIVE;
				CLANG_CXX_LANGUAGE_STANDARD = "gnu++14";
				CLANG_CXX_LIBRARY = "libc++";
				CLANG_ENABLE_MODULES = YES;
				CLANG_ENABLE_OBJC_ARC = YES;
				CLANG_ENABLE_OBJC_WEAK = YES;
				CLANG_WARN_BLOCK_CAPTURE_AUTORELEASING = YES;
				CLANG_WARN_BOOL_CONVERSION = YES;
				CLANG_WARN_COMMA = YES;
				CLANG_WARN_CONSTANT_CONVERSION = YES;
				CLANG_WARN_DEPRECATED_OBJC_IMPLEMENTATIONS = YES;
				CLANG_WARN_DIRECT_OBJC_ISA_USAGE = YES_ERROR;
				CLANG_WARN_DOCUMENTATION_COMMENTS = YES;
				CLANG_WARN_EMPTY_BODY = YES;
				CLANG_WARN_ENUM_CONVERSION = YES;
				CLANG_WARN_INFINITE_RECURSION = YES;
				CLANG_WARN_INT_CONVERSION = YES;
				CLANG_WARN_NON_LITERAL_NULL_CONVERSION = YES;
				CLANG_WARN_OBJC_IMPLICIT_RETAIN_SELF = YES;
				CLANG_WARN_OBJC_LITERAL_CONVERSION = YES;
				CLANG_WARN_OBJC_ROOT_CLASS = YES_ERROR;
				CLANG_WARN_QUOTED_INCLUDE_IN_FRAMEWORK_HEADER = YES;
				CLANG_WARN_RANGE_LOOP_ANALYSIS = YES;
				CLANG_WARN_STRICT_PROTOTYPES = YES;
				CLANG_WARN_SUSPICIOUS_MOVE = YES;
				CLANG_WARN_UNGUARDED_AVAILABILITY = YES_AGGRESSIVE;
				CLANG_WARN_UNREACHABLE_CODE = YES;
				CLANG_WARN__DUPLICATE_METHOD_MATCH = YES;
				COPY_PHASE_STRIP = NO;
				DEBUG_INFORMATION_FORMAT = dwarf;
				ENABLE_STRICT_OBJC_MSGSEND = YES;
				ENABLE_TESTABILITY = YES;
				GCC_C_LANGUAGE_STANDARD = gnu11;
				GCC_DYNAMIC_NO_PIC = NO;
				GCC_NO_COMMON_BLOCKS = YES;
				GCC_OPTIMIZATION_LEVEL = 0;
				GCC_PREPROCESSOR_DEFINITIONS = (
					"DEBUG=1",
					"$(inherited)",
				);
				GCC_WARN_64_TO_32_BIT_CONVERSION = YES;
				GCC_WARN_ABOUT_RETURN_TYPE = YES_ERROR;
				GCC_WARN_UNDECLARED_SELECTOR = YES;
				GCC_WARN_UNINITIALIZED_AUTOS = YES_AGGRESSIVE;
				GCC_WARN_UNUSED_FUNCTION = YES;
				GCC_WARN_UNUSED_VARIABLE = YES;
				IPHONEOS_DEPLOYMENT_TARGET = 14.0;
				MTL_ENABLE_DEBUG_INFO = INCLUDE_SOURCE;
				MTL_FAST_MATH = YES;
				ONLY_ACTIVE_ARCH = YES;
				SDKROOT = iphoneos;
				SWIFT_ACTIVE_COMPILATION_CONDITIONS = DEBUG;
				SWIFT_OPTIMIZATION_LEVEL = "-Onone";
			};
			name = Debug;
		};
		B49965E426E20CF200808EC0 /* Release */ = {
			isa = XCBuildConfiguration;
			buildSettings = {
				ALWAYS_SEARCH_USER_PATHS = NO;
				CLANG_ANALYZER_NONNULL = YES;
				CLANG_ANALYZER_NUMBER_OBJECT_CONVERSION = YES_AGGRESSIVE;
				CLANG_CXX_LANGUAGE_STANDARD = "gnu++14";
				CLANG_CXX_LIBRARY = "libc++";
				CLANG_ENABLE_MODULES = YES;
				CLANG_ENABLE_OBJC_ARC = YES;
				CLANG_ENABLE_OBJC_WEAK = YES;
				CLANG_WARN_BLOCK_CAPTURE_AUTORELEASING = YES;
				CLANG_WARN_BOOL_CONVERSION = YES;
				CLANG_WARN_COMMA = YES;
				CLANG_WARN_CONSTANT_CONVERSION = YES;
				CLANG_WARN_DEPRECATED_OBJC_IMPLEMENTATIONS = YES;
				CLANG_WARN_DIRECT_OBJC_ISA_USAGE = YES_ERROR;
				CLANG_WARN_DOCUMENTATION_COMMENTS = YES;
				CLANG_WARN_EMPTY_BODY = YES;
				CLANG_WARN_ENUM_CONVERSION = YES;
				CLANG_WARN_INFINITE_RECURSION = YES;
				CLANG_WARN_INT_CONVERSION = YES;
				CLANG_WARN_NON_LITERAL_NULL_CONVERSION = YES;
				CLANG_WARN_OBJC_IMPLICIT_RETAIN_SELF = YES;
				CLANG_WARN_OBJC_LITERAL_CONVERSION = YES;
				CLANG_WARN_OBJC_ROOT_CLASS = YES_ERROR;
				CLANG_WARN_QUOTED_INCLUDE_IN_FRAMEWORK_HEADER = YES;
				CLANG_WARN_RANGE_LOOP_ANALYSIS = YES;
				CLANG_WARN_STRICT_PROTOTYPES = YES;
				CLANG_WARN_SUSPICIOUS_MOVE = YES;
				CLANG_WARN_UNGUARDED_AVAILABILITY = YES_AGGRESSIVE;
				CLANG_WARN_UNREACHABLE_CODE = YES;
				CLANG_WARN__DUPLICATE_METHOD_MATCH = YES;
				COPY_PHASE_STRIP = NO;
				DEBUG_INFORMATION_FORMAT = "dwarf-with-dsym";
				ENABLE_NS_ASSERTIONS = NO;
				ENABLE_STRICT_OBJC_MSGSEND = YES;
				GCC_C_LANGUAGE_STANDARD = gnu11;
				GCC_NO_COMMON_BLOCKS = YES;
				GCC_WARN_64_TO_32_BIT_CONVERSION = YES;
				GCC_WARN_ABOUT_RETURN_TYPE = YES_ERROR;
				GCC_WARN_UNDECLARED_SELECTOR = YES;
				GCC_WARN_UNINITIALIZED_AUTOS = YES_AGGRESSIVE;
				GCC_WARN_UNUSED_FUNCTION = YES;
				GCC_WARN_UNUSED_VARIABLE = YES;
				IPHONEOS_DEPLOYMENT_TARGET = 14.0;
				MTL_ENABLE_DEBUG_INFO = NO;
				MTL_FAST_MATH = YES;
				SDKROOT = iphoneos;
				SWIFT_COMPILATION_MODE = wholemodule;
				SWIFT_OPTIMIZATION_LEVEL = "-O";
				VALIDATE_PRODUCT = YES;
			};
			name = Release;
		};
		B49965E626E20CF200808EC0 /* Debug */ = {
			isa = XCBuildConfiguration;
			buildSettings = {
				ASSETCATALOG_COMPILER_APPICON_NAME = AppIcon;
				ASSETCATALOG_COMPILER_GLOBAL_ACCENT_COLOR_NAME = AccentColor;
				CODE_SIGN_STYLE = Automatic;
				DEVELOPMENT_TEAM = 3L8P7DYJ4H;
				INFOPLIST_FILE = LoveCalculator/Info.plist;
				LD_RUNPATH_SEARCH_PATHS = (
					"$(inherited)",
					"@executable_path/Frameworks",
				);
				PRODUCT_BUNDLE_IDENTIFIER = "Ivan-Savkov.LoveCalculator";
				PRODUCT_NAME = "$(TARGET_NAME)";
				SWIFT_VERSION = 5.0;
				TARGETED_DEVICE_FAMILY = "1,2";
			};
			name = Debug;
		};
		B49965E726E20CF200808EC0 /* Release */ = {
			isa = XCBuildConfiguration;
			buildSettings = {
				ASSETCATALOG_COMPILER_APPICON_NAME = AppIcon;
				ASSETCATALOG_COMPILER_GLOBAL_ACCENT_COLOR_NAME = AccentColor;
				CODE_SIGN_STYLE = Automatic;
				DEVELOPMENT_TEAM = 3L8P7DYJ4H;
				INFOPLIST_FILE = LoveCalculator/Info.plist;
				LD_RUNPATH_SEARCH_PATHS = (
					"$(inherited)",
					"@executable_path/Frameworks",
				);
				PRODUCT_BUNDLE_IDENTIFIER = "Ivan-Savkov.LoveCalculator";
				PRODUCT_NAME = "$(TARGET_NAME)";
				SWIFT_VERSION = 5.0;
				TARGETED_DEVICE_FAMILY = "1,2";
			};
			name = Release;
		};
/* End XCBuildConfiguration section */

/* Begin XCConfigurationList section */
		B49965CC26E20CEF00808EC0 /* Build configuration list for PBXProject "LoveCalculator" */ = {
			isa = XCConfigurationList;
			buildConfigurations = (
				B49965E326E20CF200808EC0 /* Debug */,
				B49965E426E20CF200808EC0 /* Release */,
			);
			defaultConfigurationIsVisible = 0;
			defaultConfigurationName = Release;
		};
		B49965E526E20CF200808EC0 /* Build configuration list for PBXNativeTarget "LoveCalculator" */ = {
			isa = XCConfigurationList;
			buildConfigurations = (
				B49965E626E20CF200808EC0 /* Debug */,
				B49965E726E20CF200808EC0 /* Release */,
			);
			defaultConfigurationIsVisible = 0;
			defaultConfigurationName = Release;
		};
/* End XCConfigurationList section */
	};
	rootObject = B49965C926E20CEF00808EC0 /* Project object */;
}
